<?xml version="1.0" encoding="utf-8"?>
<Project ToolsVersion="4.0" xmlns="http://schemas.microsoft.com/developer/msbuild/2003">
  <ItemGroup>
    <Filter Include="Source Files">
      <UniqueIdentifier>{4FC737F1-C7A5-4376-A066-2A32D752A2FF}</UniqueIdentifier>
      <Extensions>cpp;c;cc;cxx;def;odl;idl;hpj;bat;asm;asmx</Extensions>
    </Filter>
    <Filter Include="Header Files">
      <UniqueIdentifier>{93995380-89BD-4b04-88EB-625FBE52EBFB}</UniqueIdentifier>
      <Extensions>h;hh;hpp;hxx;hm;inl;inc;ipp;xsd</Extensions>
    </Filter>
    <Filter Include="Resource Files">
      <UniqueIdentifier>{67DA6AB6-F800-4c08-8B7A-83BB121AAD01}</UniqueIdentifier>
      <Extensions>rc;ico;cur;bmp;dlg;rc2;rct;bin;rgs;gif;jpg;jpeg;jpe;resx;tiff;tif;png;wav;mfcribbon-ms</Extensions>
    </Filter>
    <Filter Include="Source Files\ModelLoading">
      <UniqueIdentifier>{ad7102ce-7e1c-4e92-9968-ca8f433646f8}</UniqueIdentifier>
    </Filter>
    <Filter Include="Header Files\ModelLoading">
      <UniqueIdentifier>{83b5adb0-a7e6-41ca-a63d-e9a77ec8c739}</UniqueIdentifier>
    </Filter>
    <Filter Include="Header Files\ModelLoading\Obj">
      <UniqueIdentifier>{606c879d-df05-449b-bb22-f6b7d543b85f}</UniqueIdentifier>
    </Filter>
    <Filter Include="Source Files\ModelLoading\Obj">
      <UniqueIdentifier>{8e99054d-5367-4b53-821e-fa669b045e5e}</UniqueIdentifier>
    </Filter>
    <Filter Include="Source Files\ModelLoading\Basic">
      <UniqueIdentifier>{ea430c11-b4c9-4df3-b191-a3769afba3e1}</UniqueIdentifier>
    </Filter>
    <Filter Include="Header Files\ModelLoading\Basic">
      <UniqueIdentifier>{796f15d7-2c8b-49b5-98ed-d9694e424218}</UniqueIdentifier>
    </Filter>
  </ItemGroup>
  <ItemGroup>
    <ClInclude Include="stb_image.h">
      <Filter>Header Files</Filter>
    </ClInclude>
    <ClInclude Include="MVPBuilder.h">
      <Filter>Header Files</Filter>
    </ClInclude>
    <ClInclude Include="GLFWUtil.h">
      <Filter>Header Files</Filter>
    </ClInclude>
    <ClInclude Include="GLEWUtil.h">
      <Filter>Header Files</Filter>
    </ClInclude>
    <ClInclude Include="Scene.h">
      <Filter>Header Files</Filter>
    </ClInclude>
    <ClInclude Include="ShaderProgramBuilder.h">
      <Filter>Header Files</Filter>
    </ClInclude>
    <ClInclude Include="FileUtils.h">
      <Filter>Header Files</Filter>
    </ClInclude>
    <ClInclude Include="ConfigUtil.h">
      <Filter>Header Files</Filter>
    </ClInclude>
    <ClInclude Include="InputManager.h">
      <Filter>Header Files</Filter>
    </ClInclude>
    <ClInclude Include="ConsoleUtil.h">
      <Filter>Header Files</Filter>
    </ClInclude>
    <ClInclude Include="ModelLoaderFactory.h">
      <Filter>Header Files\ModelLoading</Filter>
    </ClInclude>
    <ClInclude Include="IModelLoader.h">
      <Filter>Header Files\ModelLoading</Filter>
    </ClInclude>
    <ClInclude Include="Model.h">
      <Filter>Header Files\ModelLoading</Filter>
    </ClInclude>
    <ClInclude Include="InvalidModelFileException.h">
      <Filter>Header Files\ModelLoading</Filter>
    </ClInclude>
    <ClInclude Include="Texture.h">
      <Filter>Header Files\ModelLoading</Filter>
    </ClInclude>
    <ClInclude Include="Vertex.h">
      <Filter>Header Files\ModelLoading</Filter>
    </ClInclude>
    <ClInclude Include="Index.h">
      <Filter>Header Files\ModelLoading</Filter>
    </ClInclude>
    <ClInclude Include="Material.h">
      <Filter>Header Files\ModelLoading</Filter>
    </ClInclude>
    <ClInclude Include="Mesh.h">
      <Filter>Header Files\ModelLoading</Filter>
    </ClInclude>
    <ClInclude Include="ObjModelLoader.h">
      <Filter>Header Files\ModelLoading\Obj</Filter>
    </ClInclude>
    <ClInclude Include="MtlLoader.h">
      <Filter>Header Files\ModelLoading\Obj</Filter>
    </ClInclude>
    <ClInclude Include="Face.h">
      <Filter>Header Files\ModelLoading\Obj</Filter>
    </ClInclude>
    <ClInclude Include="Object.h">
      <Filter>Header Files\ModelLoading</Filter>
    </ClInclude>
    <ClInclude Include="BasicModelLoader.h">
      <Filter>Header Files\ModelLoading\Basic</Filter>
    </ClInclude>
    <ClInclude Include="Base64.h">
      <Filter>Header Files</Filter>
    </ClInclude>
  </ItemGroup>
  <ItemGroup>
    <None Include="media\triangles.frag">
      <Filter>Resource Files</Filter>
    </None>
    <None Include="media\triangles.vert">
      <Filter>Resource Files</Filter>
    </None>
    <None Include="packages.config" />
    <None Include="media\config.dat">
      <Filter>Resource Files</Filter>
    </None>
    <None Include="Cube.basic">
      <Filter>Resource Files</Filter>
    </None>
    <None Include="media\Creeper.mtl">
      <Filter>Resource Files</Filter>
    </None>
  </ItemGroup>
  <ItemGroup>
    <ClCompile Include="TexturedCube.cpp">
      <Filter>Source Files</Filter>
    </ClCompile>
    <ClCompile Include="MVPBuilder.cpp">
      <Filter>Source Files</Filter>
    </ClCompile>
    <ClCompile Include="GLEWUtil.cpp">
      <Filter>Source Files</Filter>
    </ClCompile>
    <ClCompile Include="Scene.cpp">
      <Filter>Source Files</Filter>
    </ClCompile>
    <ClCompile Include="ShaderProgramBuilder.cpp">
      <Filter>Source Files</Filter>
    </ClCompile>
    <ClCompile Include="FileUtils.cpp">
      <Filter>Source Files</Filter>
    </ClCompile>
    <ClCompile Include="ConfigUtil.cpp">
      <Filter>Source Files</Filter>
    </ClCompile>
    <ClCompile Include="InputManager.cpp">
      <Filter>Source Files</Filter>
    </ClCompile>
    <ClCompile Include="ConsoleUtil.cpp">
      <Filter>Source Files</Filter>
    </ClCompile>
    <ClCompile Include="ModelLoaderFactory.cpp">
      <Filter>Source Files\ModelLoading</Filter>
    </ClCompile>
    <ClCompile Include="IModelLoader.cpp">
      <Filter>Source Files\ModelLoading</Filter>
    </ClCompile>
    <ClCompile Include="Model.cpp">
      <Filter>Source Files\ModelLoading</Filter>
    </ClCompile>
    <ClCompile Include="GLFWUtil.cpp">
      <Filter>Source Files</Filter>
    </ClCompile>
    <ClCompile Include="InvalidModelFileException.cpp">
      <Filter>Source Files\ModelLoading</Filter>
    </ClCompile>
    <ClCompile Include="Texture.cpp">
      <Filter>Source Files\ModelLoading</Filter>
    </ClCompile>
    <ClCompile Include="Vertex.cpp">
      <Filter>Source Files\ModelLoading</Filter>
    </ClCompile>
    <ClCompile Include="Index.cpp">
      <Filter>Source Files\ModelLoading</Filter>
    </ClCompile>
    <ClCompile Include="Material.cpp">
      <Filter>Source Files\ModelLoading</Filter>
    </ClCompile>
    <ClCompile Include="Mesh.cpp">
      <Filter>Source Files\ModelLoading</Filter>
    </ClCompile>
    <ClCompile Include="MtlLoader.cpp">
      <Filter>Source Files\ModelLoading\Obj</Filter>
    </ClCompile>
    <ClCompile Include="ObjModelLoader.cpp">
      <Filter>Source Files\ModelLoading\Obj</Filter>
    </ClCompile>
    <ClCompile Include="Face.cpp">
      <Filter>Source Files\ModelLoading\Obj</Filter>
    </ClCompile>
    <ClCompile Include="Object.cpp">
      <Filter>Source Files\ModelLoading</Filter>
    </ClCompile>
    <ClCompile Include="SceneKeyBindings.cpp">
      <Filter>Source Files</Filter>
    </ClCompile>
    <ClCompile Include="BasicModelLoader.cpp">
      <Filter>Source Files\ModelLoading\Basic</Filter>
    </ClCompile>
    <ClCompile Include="Base64.cpp">
      <Filter>Source Files</Filter>
    </ClCompile>
  </ItemGroup>
  <ItemGroup>
    <Image Include="media\textures\smile.jpg">
      <Filter>Resource Files</Filter>
    </Image>
    <Image Include="media\Texture.png">
      <Filter>Resource Files</Filter>
    </Image>
  </ItemGroup>
  <ItemGroup>
    <Object Include="media\Creeper.obj">
      <Filter>Resource Files</Filter>
    </Object>
    <Object Include="media\low_poly_boat.obj">
      <Filter>Resource Files</Filter>
    </Object>
    <Object Include="media\pouf.obj">
      <Filter>Resource Files</Filter>
    </Object>
  </ItemGroup>
</Project>